
Microsoft Visual Studio Solution File, Format Version 12.00
# Visual Studio Version 17
VisualStudioVersion = 17.4.33103.184
MinimumVisualStudioVersion = 10.0.40219.1
Project("{FAE04EC0-301F-11D3-BF4B-00C04F79EFBC}") = "vProfanity", "vProfanity\vProfanity.csproj", "{66285F85-BCEB-42A7-A077-E3430B3496D6}"
EndProject
Global
	GlobalSection(SolutionConfigurationPlatforms) = preSolution
		Debug|Any CPU = Debug|Any CPU
		Release|Any CPU = Release|Any CPU
	EndGlobalSection
	GlobalSection(ProjectConfigurationPlatforms) = postSolution
		{66285F85-BCEB-42A7-A077-E3430B3496D6}.Debug|Any CPU.ActiveCfg = Debug|Any CPU
		{66285F85-BCEB-42A7-A077-E3430B3496D6}.Debug|Any CPU.Build.0 = Debug|Any CPU
		{66285F85-BCEB-42A7-A077-E3430B3496D6}.Release|Any CPU.ActiveCfg = Release|Any CPU
		{66285F85-BCEB-42A7-A077-E3430B3496D6}.Release|Any CPU.Build.0 = Release|Any CPU
	EndGlobalSection
	GlobalSection(SolutionProperties) = preSolution
		HideSolutionNode = FALSE
	EndGlobalSection
	GlobalSection(ExtensibilityGlobals) = postSolution
		SolutionGuid = {FA240463-08B3-499B-A81A-30E58AC38713}
	EndGlobalSection
EndGlobal
